
Microsoft Visual Studio Solution File, Format Version 12.00
# Visual Studio Version 16
VisualStudioVersion = 16.0.30804.86
MinimumVisualStudioVersion = 10.0.40219.1
Project("{FAE04EC0-301F-11D3-BF4B-00C04F79EFBC}") = "DepedencyInjection", "DepedencyInjection\DepedencyInjection.csproj", "{297EA3CA-81D7-44BE-8123-EDBB7E8E1BA4}"
EndProject
Global
	GlobalSection(SolutionConfigurationPlatforms) = preSolution
		Debug|Any CPU = Debug|Any CPU
		Release|Any CPU = Release|Any CPU
	EndGlobalSection
	GlobalSection(ProjectConfigurationPlatforms) = postSolution
		{297EA3CA-81D7-44BE-8123-EDBB7E8E1BA4}.Debug|Any CPU.ActiveCfg = Debug|Any CPU
		{297EA3CA-81D7-44BE-8123-EDBB7E8E1BA4}.Debug|Any CPU.Build.0 = Debug|Any CPU
		{297EA3CA-81D7-44BE-8123-EDBB7E8E1BA4}.Release|Any CPU.ActiveCfg = Release|Any CPU
		{297EA3CA-81D7-44BE-8123-EDBB7E8E1BA4}.Release|Any CPU.Build.0 = Release|Any CPU
	EndGlobalSection
	GlobalSection(SolutionProperties) = preSolution
		HideSolutionNode = FALSE
	EndGlobalSection
	GlobalSection(ExtensibilityGlobals) = postSolution
		SolutionGuid = {62078133-1BE8-4ADD-B9AD-91B9B1222E3C}
	EndGlobalSection
EndGlobal
